
Microsoft Visual Studio Solution File, Format Version 12.00
# Visual Studio Version 17
VisualStudioVersion = 17.3.32811.315
MinimumVisualStudioVersion = 10.0.40219.1
Project("{FAE04EC0-301F-11D3-BF4B-00C04F79EFBC}") = "TicketingSystem", "TicketingSystem.csproj", "{F92D77C9-8082-4FC6-9CBF-2492ABC0CE2E}"
EndProject
Global
	GlobalSection(SolutionConfigurationPlatforms) = preSolution
		Debug|Any CPU = Debug|Any CPU
		Release|Any CPU = Release|Any CPU
	EndGlobalSection
	GlobalSection(ProjectConfigurationPlatforms) = postSolution
		{F92D77C9-8082-4FC6-9CBF-2492ABC0CE2E}.Debug|Any CPU.ActiveCfg = Debug|Any CPU
		{F92D77C9-8082-4FC6-9CBF-2492ABC0CE2E}.Debug|Any CPU.Build.0 = Debug|Any CPU
		{F92D77C9-8082-4FC6-9CBF-2492ABC0CE2E}.Release|Any CPU.ActiveCfg = Release|Any CPU
		{F92D77C9-8082-4FC6-9CBF-2492ABC0CE2E}.Release|Any CPU.Build.0 = Release|Any CPU
	EndGlobalSection
	GlobalSection(SolutionProperties) = preSolution
		HideSolutionNode = FALSE
	EndGlobalSection
	GlobalSection(ExtensibilityGlobals) = postSolution
		SolutionGuid = {9FC13F1F-AD00-4A0A-A8F2-D7D0F22D524C}
	EndGlobalSection
EndGlobal
